
Microsoft Visual Studio Solution File, Format Version 12.00
# Visual Studio 14
VisualStudioVersion = 14.0.22310.1
MinimumVisualStudioVersion = 10.0.40219.1
Project("{FAE04EC0-301F-11D3-BF4B-00C04F79EFBC}") = "UI", "UI\UI.csproj", "{4F97FBAE-D1FB-481C-8340-CED59EB0323B}"
EndProject
Project("{FAE04EC0-301F-11D3-BF4B-00C04F79EFBC}") = "DataEngine", "DataEngine\DataEngine.csproj", "{9CBDD001-FF37-49FD-AD42-AD57565DC2EF}"
EndProject
Project("{FAE04EC0-301F-11D3-BF4B-00C04F79EFBC}") = "Logger", "Logger\Logger.csproj", "{FE552FD5-3123-4B7C-8D07-13CAA89FDCC1}"
EndProject
Project("{FAE04EC0-301F-11D3-BF4B-00C04F79EFBC}") = "Analyzer", "Analyzer\Analyzer.csproj", "{57E1DCC6-9798-4DB7-A0A7-5A016BC52527}"
EndProject
Global
	GlobalSection(SolutionConfigurationPlatforms) = preSolution
		Debug|Any CPU = Debug|Any CPU
		Release|Any CPU = Release|Any CPU
	EndGlobalSection
	GlobalSection(ProjectConfigurationPlatforms) = postSolution
		{4F97FBAE-D1FB-481C-8340-CED59EB0323B}.Debug|Any CPU.ActiveCfg = Debug|Any CPU
		{4F97FBAE-D1FB-481C-8340-CED59EB0323B}.Debug|Any CPU.Build.0 = Debug|Any CPU
		{4F97FBAE-D1FB-481C-8340-CED59EB0323B}.Release|Any CPU.ActiveCfg = Release|Any CPU
		{4F97FBAE-D1FB-481C-8340-CED59EB0323B}.Release|Any CPU.Build.0 = Release|Any CPU
		{9CBDD001-FF37-49FD-AD42-AD57565DC2EF}.Debug|Any CPU.ActiveCfg = Debug|Any CPU
		{9CBDD001-FF37-49FD-AD42-AD57565DC2EF}.Debug|Any CPU.Build.0 = Debug|Any CPU
		{9CBDD001-FF37-49FD-AD42-AD57565DC2EF}.Release|Any CPU.ActiveCfg = Release|Any CPU
		{9CBDD001-FF37-49FD-AD42-AD57565DC2EF}.Release|Any CPU.Build.0 = Release|Any CPU
		{FE552FD5-3123-4B7C-8D07-13CAA89FDCC1}.Debug|Any CPU.ActiveCfg = Debug|Any CPU
		{FE552FD5-3123-4B7C-8D07-13CAA89FDCC1}.Debug|Any CPU.Build.0 = Debug|Any CPU
		{FE552FD5-3123-4B7C-8D07-13CAA89FDCC1}.Release|Any CPU.ActiveCfg = Release|Any CPU
		{FE552FD5-3123-4B7C-8D07-13CAA89FDCC1}.Release|Any CPU.Build.0 = Release|Any CPU
		{57E1DCC6-9798-4DB7-A0A7-5A016BC52527}.Debug|Any CPU.ActiveCfg = Debug|Any CPU
		{57E1DCC6-9798-4DB7-A0A7-5A016BC52527}.Debug|Any CPU.Build.0 = Debug|Any CPU
		{57E1DCC6-9798-4DB7-A0A7-5A016BC52527}.Release|Any CPU.ActiveCfg = Release|Any CPU
		{57E1DCC6-9798-4DB7-A0A7-5A016BC52527}.Release|Any CPU.Build.0 = Release|Any CPU
	EndGlobalSection
	GlobalSection(SolutionProperties) = preSolution
		HideSolutionNode = FALSE
	EndGlobalSection
EndGlobal
